// !$*UTF8*$!
{
	archiveVersion = 1;
	classes = {
	};
	objectVersion = 51;
	objects = {

/* Begin PBXBuildFile section */
		3408FB02241A5C8E00E9EDD5 /* DoctorView.swift in Sources */ = {isa = PBXBuildFile; fileRef = 3408FB01241A5C8E00E9EDD5 /* DoctorView.swift */; };
		3408FB08243508CE00E9EDD5 /* BotView.swift in Sources */ = {isa = PBXBuildFile; fileRef = 3408FB07243508CE00E9EDD5 /* BotView.swift */; };
		3408FB0A2438E7BA00E9EDD5 /* ProfileView.swift in Sources */ = {isa = PBXBuildFile; fileRef = 3408FB092438E7BA00E9EDD5 /* ProfileView.swift */; };
		3408FB0C2438EA9D00E9EDD5 /* HeartDisQuestions.swift in Sources */ = {isa = PBXBuildFile; fileRef = 3408FB0B2438EA9D00E9EDD5 /* HeartDisQuestions.swift */; };
		3408FB0E2438F83200E9EDD5 /* HeartAnswerView.swift in Sources */ = {isa = PBXBuildFile; fileRef = 3408FB0D2438F83200E9EDD5 /* HeartAnswerView.swift */; };
		34495C20243F544E0033B1C4 /* AddImageView.swift in Sources */ = {isa = PBXBuildFile; fileRef = 34495C1F243F544E0033B1C4 /* AddImageView.swift */; };
		3460D03F23E04DEB00BFF923 /* AppDelegate.swift in Sources */ = {isa = PBXBuildFile; fileRef = 3460D03E23E04DEB00BFF923 /* AppDelegate.swift */; };
		3460D04123E04DEB00BFF923 /* SceneDelegate.swift in Sources */ = {isa = PBXBuildFile; fileRef = 3460D04023E04DEB00BFF923 /* SceneDelegate.swift */; };
		3460D04323E04DEB00BFF923 /* LoginView.swift in Sources */ = {isa = PBXBuildFile; fileRef = 3460D04223E04DEB00BFF923 /* LoginView.swift */; };
		3460D04523E04DF100BFF923 /* Assets.xcassets in Resources */ = {isa = PBXBuildFile; fileRef = 3460D04423E04DF100BFF923 /* Assets.xcassets */; };
		3460D04823E04DF100BFF923 /* Preview Assets.xcassets in Resources */ = {isa = PBXBuildFile; fileRef = 3460D04723E04DF100BFF923 /* Preview Assets.xcassets */; };
		3460D04B23E04DF100BFF923 /* LaunchScreen.storyboard in Resources */ = {isa = PBXBuildFile; fileRef = 3460D04923E04DF100BFF923 /* LaunchScreen.storyboard */; };
		3460D05623E09E0A00BFF923 /* SignUpView.swift in Sources */ = {isa = PBXBuildFile; fileRef = 3460D05523E09E0A00BFF923 /* SignUpView.swift */; };
		346456AB241647740011E6E3 /* MultiSimConfig.txt in Resources */ = {isa = PBXBuildFile; fileRef = 346456AA241647740011E6E3 /* MultiSimConfig.txt */; };
		346456AD241648AC0011E6E3 /* Script.sh in Resources */ = {isa = PBXBuildFile; fileRef = 346456AC241648230011E6E3 /* Script.sh */; };
		346456B02417C8300011E6E3 /* ChatController.swift in Sources */ = {isa = PBXBuildFile; fileRef = 346456AF2417C8300011E6E3 /* ChatController.swift */; };
		346456B22417C8AB0011E6E3 /* ChatView.swift in Sources */ = {isa = PBXBuildFile; fileRef = 346456B12417C8AB0011E6E3 /* ChatView.swift */; };
		346456B42417C9000011E6E3 /* Message.swift in Sources */ = {isa = PBXBuildFile; fileRef = 346456B32417C9000011E6E3 /* Message.swift */; };
		346A345623FC08D5000C3FF5 /* MainTabView.swift in Sources */ = {isa = PBXBuildFile; fileRef = 346A345523FC08D5000C3FF5 /* MainTabView.swift */; };
		346A345823FC09C1000C3FF5 /* AdminView.swift in Sources */ = {isa = PBXBuildFile; fileRef = 346A345723FC09C1000C3FF5 /* AdminView.swift */; };
		346EE89A243F723200DD7874 /* CameraButtonView.swift in Sources */ = {isa = PBXBuildFile; fileRef = 346EE899243F723200DD7874 /* CameraButtonView.swift */; };
		346EE89C243F77C400DD7874 /* ImagePicker.swift in Sources */ = {isa = PBXBuildFile; fileRef = 346EE89B243F77C400DD7874 /* ImagePicker.swift */; };
		349491F823F2E135005B110A /* DoctorSignUpView.swift in Sources */ = {isa = PBXBuildFile; fileRef = 349491F723F2E135005B110A /* DoctorSignUpView.swift */; };
		349491FA23F2E1F3005B110A /* SignUpTabBarView.swift in Sources */ = {isa = PBXBuildFile; fileRef = 349491F923F2E1F3005B110A /* SignUpTabBarView.swift */; };
		349491FC23F47021005B110A /* MainView.swift in Sources */ = {isa = PBXBuildFile; fileRef = 349491FB23F47020005B110A /* MainView.swift */; };
		349491FE23F470BC005B110A /* ViewRouter.swift in Sources */ = {isa = PBXBuildFile; fileRef = 349491FD23F470BC005B110A /* ViewRouter.swift */; };
		3494920023F47174005B110A /* MotherView.swift in Sources */ = {isa = PBXBuildFile; fileRef = 349491FF23F47174005B110A /* MotherView.swift */; };
		34ABA1CA23FC1A7800211B9A /* Doctor.swift in Sources */ = {isa = PBXBuildFile; fileRef = 34ABA1C923FC1A7800211B9A /* Doctor.swift */; };
		34ABA1CC23FC1EF300211B9A /* DoctorDetail.swift in Sources */ = {isa = PBXBuildFile; fileRef = 34ABA1CB23FC1EF300211B9A /* DoctorDetail.swift */; };
		34ABA1EA241640AF00211B9A /* UserCredentials.swift in Sources */ = {isa = PBXBuildFile; fileRef = 34ABA1E9241640AF00211B9A /* UserCredentials.swift */; };
		633AABF137B810352083835A /* Pods_courseWork.framework in Frameworks */ = {isa = PBXBuildFile; fileRef = DE76E25A04F6982E4D4B27C6 /* Pods_courseWork.framework */; };
/* End PBXBuildFile section */

/* Begin PBXFileReference section */
		3408FB01241A5C8E00E9EDD5 /* DoctorView.swift */ = {isa = PBXFileReference; lastKnownFileType = sourcecode.swift; path = DoctorView.swift; sourceTree = "<group>"; };
		3408FB07243508CE00E9EDD5 /* BotView.swift */ = {isa = PBXFileReference; lastKnownFileType = sourcecode.swift; path = BotView.swift; sourceTree = "<group>"; };
		3408FB092438E7BA00E9EDD5 /* ProfileView.swift */ = {isa = PBXFileReference; lastKnownFileType = sourcecode.swift; path = ProfileView.swift; sourceTree = "<group>"; };
		3408FB0B2438EA9D00E9EDD5 /* HeartDisQuestions.swift */ = {isa = PBXFileReference; lastKnownFileType = sourcecode.swift; path = HeartDisQuestions.swift; sourceTree = "<group>"; };
		3408FB0D2438F83200E9EDD5 /* HeartAnswerView.swift */ = {isa = PBXFileReference; lastKnownFileType = sourcecode.swift; path = HeartAnswerView.swift; sourceTree = "<group>"; };
		34495C1F243F544E0033B1C4 /* AddImageView.swift */ = {isa = PBXFileReference; lastKnownFileType = sourcecode.swift; path = AddImageView.swift; sourceTree = "<group>"; };
		3460D03B23E04DEB00BFF923 /* courseWork.app */ = {isa = PBXFileReference; explicitFileType = wrapper.application; includeInIndex = 0; path = courseWork.app; sourceTree = BUILT_PRODUCTS_DIR; };
		3460D03E23E04DEB00BFF923 /* AppDelegate.swift */ = {isa = PBXFileReference; lastKnownFileType = sourcecode.swift; path = AppDelegate.swift; sourceTree = "<group>"; };
		3460D04023E04DEB00BFF923 /* SceneDelegate.swift */ = {isa = PBXFileReference; lastKnownFileType = sourcecode.swift; path = SceneDelegate.swift; sourceTree = "<group>"; };
		3460D04223E04DEB00BFF923 /* LoginView.swift */ = {isa = PBXFileReference; lastKnownFileType = sourcecode.swift; path = LoginView.swift; sourceTree = "<group>"; };
		3460D04423E04DF100BFF923 /* Assets.xcassets */ = {isa = PBXFileReference; lastKnownFileType = folder.assetcatalog; path = Assets.xcassets; sourceTree = "<group>"; };
		3460D04723E04DF100BFF923 /* Preview Assets.xcassets */ = {isa = PBXFileReference; lastKnownFileType = folder.assetcatalog; path = "Preview Assets.xcassets"; sourceTree = "<group>"; };
		3460D04A23E04DF100BFF923 /* Base */ = {isa = PBXFileReference; lastKnownFileType = file.storyboard; name = Base; path = Base.lproj/LaunchScreen.storyboard; sourceTree = "<group>"; };
		3460D04C23E04DF100BFF923 /* Info.plist */ = {isa = PBXFileReference; lastKnownFileType = text.plist.xml; path = Info.plist; sourceTree = "<group>"; };
		3460D05523E09E0A00BFF923 /* SignUpView.swift */ = {isa = PBXFileReference; lastKnownFileType = sourcecode.swift; path = SignUpView.swift; sourceTree = "<group>"; };
		346456AA241647740011E6E3 /* MultiSimConfig.txt */ = {isa = PBXFileReference; lastKnownFileType = text; path = MultiSimConfig.txt; sourceTree = "<group>"; };
		346456AC241648230011E6E3 /* Script.sh */ = {isa = PBXFileReference; lastKnownFileType = text.script.sh; path = Script.sh; sourceTree = "<group>"; };
		346456AF2417C8300011E6E3 /* ChatController.swift */ = {isa = PBXFileReference; lastKnownFileType = sourcecode.swift; path = ChatController.swift; sourceTree = "<group>"; };
		346456B12417C8AB0011E6E3 /* ChatView.swift */ = {isa = PBXFileReference; lastKnownFileType = sourcecode.swift; path = ChatView.swift; sourceTree = "<group>"; };
		346456B32417C9000011E6E3 /* Message.swift */ = {isa = PBXFileReference; lastKnownFileType = sourcecode.swift; path = Message.swift; sourceTree = "<group>"; };
		346A345523FC08D5000C3FF5 /* MainTabView.swift */ = {isa = PBXFileReference; lastKnownFileType = sourcecode.swift; path = MainTabView.swift; sourceTree = "<group>"; };
		346A345723FC09C1000C3FF5 /* AdminView.swift */ = {isa = PBXFileReference; lastKnownFileType = sourcecode.swift; path = AdminView.swift; sourceTree = "<group>"; };
		346EE899243F723200DD7874 /* CameraButtonView.swift */ = {isa = PBXFileReference; lastKnownFileType = sourcecode.swift; path = CameraButtonView.swift; sourceTree = "<group>"; };
		346EE89B243F77C400DD7874 /* ImagePicker.swift */ = {isa = PBXFileReference; lastKnownFileType = sourcecode.swift; path = ImagePicker.swift; sourceTree = "<group>"; };
		349491F723F2E135005B110A /* DoctorSignUpView.swift */ = {isa = PBXFileReference; lastKnownFileType = sourcecode.swift; path = DoctorSignUpView.swift; sourceTree = "<group>"; };
		349491F923F2E1F3005B110A /* SignUpTabBarView.swift */ = {isa = PBXFileReference; lastKnownFileType = sourcecode.swift; path = SignUpTabBarView.swift; sourceTree = "<group>"; };
		349491FB23F47020005B110A /* MainView.swift */ = {isa = PBXFileReference; lastKnownFileType = sourcecode.swift; path = MainView.swift; sourceTree = "<group>"; };
		349491FD23F470BC005B110A /* ViewRouter.swift */ = {isa = PBXFileReference; lastKnownFileType = sourcecode.swift; path = ViewRouter.swift; sourceTree = "<group>"; };
		349491FF23F47174005B110A /* MotherView.swift */ = {isa = PBXFileReference; lastKnownFileType = sourcecode.swift; path = MotherView.swift; sourceTree = "<group>"; };
		34ABA1C923FC1A7800211B9A /* Doctor.swift */ = {isa = PBXFileReference; lastKnownFileType = sourcecode.swift; path = Doctor.swift; sourceTree = "<group>"; };
		34ABA1CB23FC1EF300211B9A /* DoctorDetail.swift */ = {isa = PBXFileReference; lastKnownFileType = sourcecode.swift; path = DoctorDetail.swift; sourceTree = "<group>"; };
		34ABA1E9241640AF00211B9A /* UserCredentials.swift */ = {isa = PBXFileReference; lastKnownFileType = sourcecode.swift; path = UserCredentials.swift; sourceTree = "<group>"; };
		6A5C65CEFA789CBE655F24A1 /* Pods-courseWork.release.xcconfig */ = {isa = PBXFileReference; includeInIndex = 1; lastKnownFileType = text.xcconfig; name = "Pods-courseWork.release.xcconfig"; path = "Target Support Files/Pods-courseWork/Pods-courseWork.release.xcconfig"; sourceTree = "<group>"; };
		AE1EEB6CC44E54A06AAFB6B4 /* Pods-courseWork.debug.xcconfig */ = {isa = PBXFileReference; includeInIndex = 1; lastKnownFileType = text.xcconfig; name = "Pods-courseWork.debug.xcconfig"; path = "Target Support Files/Pods-courseWork/Pods-courseWork.debug.xcconfig"; sourceTree = "<group>"; };
		DE76E25A04F6982E4D4B27C6 /* Pods_courseWork.framework */ = {isa = PBXFileReference; explicitFileType = wrapper.framework; includeInIndex = 0; path = Pods_courseWork.framework; sourceTree = BUILT_PRODUCTS_DIR; };
/* End PBXFileReference section */

/* Begin PBXFrameworksBuildPhase section */
		3460D03823E04DEB00BFF923 /* Frameworks */ = {
			isa = PBXFrameworksBuildPhase;
			buildActionMask = 2147483647;
			files = (
				633AABF137B810352083835A /* Pods_courseWork.framework in Frameworks */,
			);
			runOnlyForDeploymentPostprocessing = 0;
		};
/* End PBXFrameworksBuildPhase section */

/* Begin PBXGroup section */
		3460D03223E04DEB00BFF923 = {
			isa = PBXGroup;
			children = (
				346456AC241648230011E6E3 /* Script.sh */,
				346456AA241647740011E6E3 /* MultiSimConfig.txt */,
				3460D03D23E04DEB00BFF923 /* courseWork */,
				3460D03C23E04DEB00BFF923 /* Products */,
				39B9669A7F3F1B4DE6F1984F /* Pods */,
				ACD966E598BF6DAAFF3FADC7 /* Frameworks */,
			);
			sourceTree = "<group>";
		};
		3460D03C23E04DEB00BFF923 /* Products */ = {
			isa = PBXGroup;
			children = (
				3460D03B23E04DEB00BFF923 /* courseWork.app */,
			);
			name = Products;
			sourceTree = "<group>";
		};
		3460D03D23E04DEB00BFF923 /* courseWork */ = {
			isa = PBXGroup;
			children = (
				34CD9AE823E1C2F300156B59 /* Views */,
				3460D03E23E04DEB00BFF923 /* AppDelegate.swift */,
				3460D04023E04DEB00BFF923 /* SceneDelegate.swift */,
				3460D04423E04DF100BFF923 /* Assets.xcassets */,
				3460D04923E04DF100BFF923 /* LaunchScreen.storyboard */,
				3460D04C23E04DF100BFF923 /* Info.plist */,
				3460D04623E04DF100BFF923 /* Preview Content */,
			);
			path = courseWork;
			sourceTree = "<group>";
		};
		3460D04623E04DF100BFF923 /* Preview Content */ = {
			isa = PBXGroup;
			children = (
				3460D04723E04DF100BFF923 /* Preview Assets.xcassets */,
			);
			path = "Preview Content";
			sourceTree = "<group>";
		};
		34CD9AE823E1C2F300156B59 /* Views */ = {
			isa = PBXGroup;
			children = (
				346456AF2417C8300011E6E3 /* ChatController.swift */,
				3460D04223E04DEB00BFF923 /* LoginView.swift */,
				3460D05523E09E0A00BFF923 /* SignUpView.swift */,
				349491F723F2E135005B110A /* DoctorSignUpView.swift */,
				349491F923F2E1F3005B110A /* SignUpTabBarView.swift */,
				349491FB23F47020005B110A /* MainView.swift */,
				349491FD23F470BC005B110A /* ViewRouter.swift */,
				349491FF23F47174005B110A /* MotherView.swift */,
				346A345523FC08D5000C3FF5 /* MainTabView.swift */,
				346A345723FC09C1000C3FF5 /* AdminView.swift */,
				34ABA1C923FC1A7800211B9A /* Doctor.swift */,
				34ABA1CB23FC1EF300211B9A /* DoctorDetail.swift */,
				34ABA1E9241640AF00211B9A /* UserCredentials.swift */,
				346456B12417C8AB0011E6E3 /* ChatView.swift */,
				346456B32417C9000011E6E3 /* Message.swift */,
				3408FB01241A5C8E00E9EDD5 /* DoctorView.swift */,
				3408FB07243508CE00E9EDD5 /* BotView.swift */,
				3408FB092438E7BA00E9EDD5 /* ProfileView.swift */,
				3408FB0B2438EA9D00E9EDD5 /* HeartDisQuestions.swift */,
				3408FB0D2438F83200E9EDD5 /* HeartAnswerView.swift */,
				34495C1F243F544E0033B1C4 /* AddImageView.swift */,
				346EE899243F723200DD7874 /* CameraButtonView.swift */,
				346EE89B243F77C400DD7874 /* ImagePicker.swift */,
			);
			path = Views;
			sourceTree = "<group>";
		};
		39B9669A7F3F1B4DE6F1984F /* Pods */ = {
			isa = PBXGroup;
			children = (
				AE1EEB6CC44E54A06AAFB6B4 /* Pods-courseWork.debug.xcconfig */,
				6A5C65CEFA789CBE655F24A1 /* Pods-courseWork.release.xcconfig */,
			);
			path = Pods;
			sourceTree = "<group>";
		};
		ACD966E598BF6DAAFF3FADC7 /* Frameworks */ = {
			isa = PBXGroup;
			children = (
				DE76E25A04F6982E4D4B27C6 /* Pods_courseWork.framework */,
			);
			name = Frameworks;
			sourceTree = "<group>";
		};
/* End PBXGroup section */

/* Begin PBXNativeTarget section */
		3460D03A23E04DEB00BFF923 /* courseWork */ = {
			isa = PBXNativeTarget;
			buildConfigurationList = 3460D04F23E04DF100BFF923 /* Build configuration list for PBXNativeTarget "courseWork" */;
			buildPhases = (
				9C417632CF8DA5E735B67C8B /* [CP] Check Pods Manifest.lock */,
				3460D03723E04DEB00BFF923 /* Sources */,
				3460D03823E04DEB00BFF923 /* Frameworks */,
				3460D03923E04DEB00BFF923 /* Resources */,
				4557CC351A8498A96301CBAC /* [CP] Embed Pods Frameworks */,
				346456AE241648C20011E6E3 /* ShellScript */,
			);
			buildRules = (
			);
			dependencies = (
			);
			name = courseWork;
			productName = courseWork;
			productReference = 3460D03B23E04DEB00BFF923 /* courseWork.app */;
			productType = "com.apple.product-type.application";
		};
/* End PBXNativeTarget section */

/* Begin PBXProject section */
		3460D03323E04DEB00BFF923 /* Project object */ = {
			isa = PBXProject;
			attributes = {
				LastSwiftUpdateCheck = 1130;
				LastUpgradeCheck = 1130;
				ORGANIZATIONNAME = "alexander tsay";
				TargetAttributes = {
					3460D03A23E04DEB00BFF923 = {
						CreatedOnToolsVersion = 11.3.1;
					};
				};
			};
			buildConfigurationList = 3460D03623E04DEB00BFF923 /* Build configuration list for PBXProject "courseWork" */;
			compatibilityVersion = "Xcode 9.3";
			developmentRegion = en;
			hasScannedForEncodings = 0;
			knownRegions = (
				en,
				Base,
			);
			mainGroup = 3460D03223E04DEB00BFF923;
			productRefGroup = 3460D03C23E04DEB00BFF923 /* Products */;
			projectDirPath = "";
			projectRoot = "";
			targets = (
				3460D03A23E04DEB00BFF923 /* courseWork */,
			);
		};
/* End PBXProject section */

/* Begin PBXResourcesBuildPhase section */
		3460D03923E04DEB00BFF923 /* Resources */ = {
			isa = PBXResourcesBuildPhase;
			buildActionMask = 2147483647;
			files = (
				3460D04B23E04DF100BFF923 /* LaunchScreen.storyboard in Resources */,
				3460D04823E04DF100BFF923 /* Preview Assets.xcassets in Resources */,
				346456AB241647740011E6E3 /* MultiSimConfig.txt in Resources */,
				3460D04523E04DF100BFF923 /* Assets.xcassets in Resources */,
				346456AD241648AC0011E6E3 /* Script.sh in Resources */,
			);
			runOnlyForDeploymentPostprocessing = 0;
		};
/* End PBXResourcesBuildPhase section */

/* Begin PBXShellScriptBuildPhase section */
		346456AE241648C20011E6E3 /* ShellScript */ = {
			isa = PBXShellScriptBuildPhase;
			buildActionMask = 2147483647;
			files = (
			);
			inputFileListPaths = (
			);
			inputPaths = (
			);
			outputFileListPaths = (
			);
			outputPaths = (
			);
			runOnlyForDeploymentPostprocessing = 0;
			shellPath = /bin/sh;
			shellScript = "# Type a script or drag a script file from your workspace to insert its path.\ncustom_sim=`xcrun simctl list | grep 'Custom Simulators' | awk -F'[()]' '{print $2}'`\nif [ ! -z \"${custom_sim}\" ] && [ \"${TARGET_DEVICE_IDENTIFIER}\" = \"${custom_sim}\" ]; then\n  /bin/sh Script.sh\nfi\n";
		};
		4557CC351A8498A96301CBAC /* [CP] Embed Pods Frameworks */ = {
			isa = PBXShellScriptBuildPhase;
			buildActionMask = 2147483647;
			files = (
			);
			inputFileListPaths = (
				"${PODS_ROOT}/Target Support Files/Pods-courseWork/Pods-courseWork-frameworks-${CONFIGURATION}-input-files.xcfilelist",
			);
			name = "[CP] Embed Pods Frameworks";
			outputFileListPaths = (
				"${PODS_ROOT}/Target Support Files/Pods-courseWork/Pods-courseWork-frameworks-${CONFIGURATION}-output-files.xcfilelist",
			);
			runOnlyForDeploymentPostprocessing = 0;
			shellPath = /bin/sh;
			shellScript = "\"${PODS_ROOT}/Target Support Files/Pods-courseWork/Pods-courseWork-frameworks.sh\"\n";
			showEnvVarsInLog = 0;
		};
		9C417632CF8DA5E735B67C8B /* [CP] Check Pods Manifest.lock */ = {
			isa = PBXShellScriptBuildPhase;
			buildActionMask = 2147483647;
			files = (
			);
			inputFileListPaths = (
			);
			inputPaths = (
				"${PODS_PODFILE_DIR_PATH}/Podfile.lock",
				"${PODS_ROOT}/Manifest.lock",
			);
			name = "[CP] Check Pods Manifest.lock";
			outputFileListPaths = (
			);
			outputPaths = (
				"$(DERIVED_FILE_DIR)/Pods-courseWork-checkManifestLockResult.txt",
			);
			runOnlyForDeploymentPostprocessing = 0;
			shellPath = /bin/sh;
			shellScript = "diff \"${PODS_PODFILE_DIR_PATH}/Podfile.lock\" \"${PODS_ROOT}/Manifest.lock\" > /dev/null\nif [ $? != 0 ] ; then\n    # print error to STDERR\n    echo \"error: The sandbox is not in sync with the Podfile.lock. Run 'pod install' or update your CocoaPods installation.\" >&2\n    exit 1\nfi\n# This output is used by Xcode 'outputs' to avoid re-running this script phase.\necho \"SUCCESS\" > \"${SCRIPT_OUTPUT_FILE_0}\"\n";
			showEnvVarsInLog = 0;
		};
/* End PBXShellScriptBuildPhase section */

/* Begin PBXSourcesBuildPhase section */
		3460D03723E04DEB00BFF923 /* Sources */ = {
			isa = PBXSourcesBuildPhase;
			buildActionMask = 2147483647;
			files = (
				3460D03F23E04DEB00BFF923 /* AppDelegate.swift in Sources */,
				3408FB0C2438EA9D00E9EDD5 /* HeartDisQuestions.swift in Sources */,
				346EE89C243F77C400DD7874 /* ImagePicker.swift in Sources */,
				349491FC23F47021005B110A /* MainView.swift in Sources */,
				34ABA1CA23FC1A7800211B9A /* Doctor.swift in Sources */,
				346456B42417C9000011E6E3 /* Message.swift in Sources */,
				3408FB0E2438F83200E9EDD5 /* HeartAnswerView.swift in Sources */,
				346456B02417C8300011E6E3 /* ChatController.swift in Sources */,
				346456B22417C8AB0011E6E3 /* ChatView.swift in Sources */,
				3408FB08243508CE00E9EDD5 /* BotView.swift in Sources */,
				346EE89A243F723200DD7874 /* CameraButtonView.swift in Sources */,
				346A345823FC09C1000C3FF5 /* AdminView.swift in Sources */,
				34ABA1CC23FC1EF300211B9A /* DoctorDetail.swift in Sources */,
				34495C20243F544E0033B1C4 /* AddImageView.swift in Sources */,
				3460D05623E09E0A00BFF923 /* SignUpView.swift in Sources */,
				349491F823F2E135005B110A /* DoctorSignUpView.swift in Sources */,
				349491FE23F470BC005B110A /* ViewRouter.swift in Sources */,
				3408FB0A2438E7BA00E9EDD5 /* ProfileView.swift in Sources */,
				3494920023F47174005B110A /* MotherView.swift in Sources */,
				3460D04123E04DEB00BFF923 /* SceneDelegate.swift in Sources */,
				3460D04323E04DEB00BFF923 /* LoginView.swift in Sources */,
				349491FA23F2E1F3005B110A /* SignUpTabBarView.swift in Sources */,
				346A345623FC08D5000C3FF5 /* MainTabView.swift in Sources */,
				34ABA1EA241640AF00211B9A /* UserCredentials.swift in Sources */,
				3408FB02241A5C8E00E9EDD5 /* DoctorView.swift in Sources */,
			);
			runOnlyForDeploymentPostprocessing = 0;
		};
/* End PBXSourcesBuildPhase section */

/* Begin PBXVariantGroup section */
		3460D04923E04DF100BFF923 /* LaunchScreen.storyboard */ = {
			isa = PBXVariantGroup;
			children = (
				3460D04A23E04DF100BFF923 /* Base */,
			);
			name = LaunchScreen.storyboard;
			sourceTree = "<group>";
		};
/* End PBXVariantGroup section */

/* Begin XCBuildConfiguration section */
		3460D04D23E04DF100BFF923 /* Debug */ = {
			isa = XCBuildConfiguration;
			buildSettings = {
				ALWAYS_SEARCH_USER_PATHS = NO;
				CLANG_ANALYZER_NONNULL = YES;
				CLANG_ANALYZER_NUMBER_OBJECT_CONVERSION = YES_AGGRESSIVE;
				CLANG_CXX_LANGUAGE_STANDARD = "gnu++14";
				CLANG_CXX_LIBRARY = "libc++";
				CLANG_ENABLE_MODULES = YES;
				CLANG_ENABLE_OBJC_ARC = YES;
				CLANG_ENABLE_OBJC_WEAK = YES;
				CLANG_WARN_BLOCK_CAPTURE_AUTORELEASING = YES;
				CLANG_WARN_BOOL_CONVERSION = YES;
				CLANG_WARN_COMMA = YES;
				CLANG_WARN_CONSTANT_CONVERSION = YES;
				CLANG_WARN_DEPRECATED_OBJC_IMPLEMENTATIONS = YES;
				CLANG_WARN_DIRECT_OBJC_ISA_USAGE = YES_ERROR;
				CLANG_WARN_DOCUMENTATION_COMMENTS = YES;
				CLANG_WARN_EMPTY_BODY = YES;
				CLANG_WARN_ENUM_CONVERSION = YES;
				CLANG_WARN_INFINITE_RECURSION = YES;
				CLANG_WARN_INT_CONVERSION = YES;
				CLANG_WARN_NON_LITERAL_NULL_CONVERSION = YES;
				CLANG_WARN_OBJC_IMPLICIT_RETAIN_SELF = YES;
				CLANG_WARN_OBJC_LITERAL_CONVERSION = YES;
				CLANG_WARN_OBJC_ROOT_CLASS = YES_ERROR;
				CLANG_WARN_RANGE_LOOP_ANALYSIS = YES;
				CLANG_WARN_STRICT_PROTOTYPES = YES;
				CLANG_WARN_SUSPICIOUS_MOVE = YES;
				CLANG_WARN_UNGUARDED_AVAILABILITY = YES_AGGRESSIVE;
				CLANG_WARN_UNREACHABLE_CODE = YES;
				CLANG_WARN__DUPLICATE_METHOD_MATCH = YES;
				COPY_PHASE_STRIP = NO;
				DEBUG_INFORMATION_FORMAT = dwarf;
				ENABLE_STRICT_OBJC_MSGSEND = YES;
				ENABLE_TESTABILITY = YES;
				GCC_C_LANGUAGE_STANDARD = gnu11;
				GCC_DYNAMIC_NO_PIC = NO;
				GCC_NO_COMMON_BLOCKS = YES;
				GCC_OPTIMIZATION_LEVEL = 0;
				GCC_PREPROCESSOR_DEFINITIONS = (
					"DEBUG=1",
					"$(inherited)",
				);
				GCC_WARN_64_TO_32_BIT_CONVERSION = YES;
				GCC_WARN_ABOUT_RETURN_TYPE = YES_ERROR;
				GCC_WARN_UNDECLARED_SELECTOR = YES;
				GCC_WARN_UNINITIALIZED_AUTOS = YES_AGGRESSIVE;
				GCC_WARN_UNUSED_FUNCTION = YES;
				GCC_WARN_UNUSED_VARIABLE = YES;
				IPHONEOS_DEPLOYMENT_TARGET = 13.2;
				MTL_ENABLE_DEBUG_INFO = INCLUDE_SOURCE;
				MTL_FAST_MATH = YES;
				ONLY_ACTIVE_ARCH = YES;
				SDKROOT = iphoneos;
				SWIFT_ACTIVE_COMPILATION_CONDITIONS = DEBUG;
				SWIFT_OPTIMIZATION_LEVEL = "-Onone";
			};
			name = Debug;
		};
		3460D04E23E04DF100BFF923 /* Release */ = {
			isa = XCBuildConfiguration;
			buildSettings = {
				ALWAYS_SEARCH_USER_PATHS = NO;
				CLANG_ANALYZER_NONNULL = YES;
				CLANG_ANALYZER_NUMBER_OBJECT_CONVERSION = YES_AGGRESSIVE;
				CLANG_CXX_LANGUAGE_STANDARD = "gnu++14";
				CLANG_CXX_LIBRARY = "libc++";
				CLANG_ENABLE_MODULES = YES;
				CLANG_ENABLE_OBJC_ARC = YES;
				CLANG_ENABLE_OBJC_WEAK = YES;
				CLANG_WARN_BLOCK_CAPTURE_AUTORELEASING = YES;
				CLANG_WARN_BOOL_CONVERSION = YES;
				CLANG_WARN_COMMA = YES;
				CLANG_WARN_CONSTANT_CONVERSION = YES;
				CLANG_WARN_DEPRECATED_OBJC_IMPLEMENTATIONS = YES;
				CLANG_WARN_DIRECT_OBJC_ISA_USAGE = YES_ERROR;
				CLANG_WARN_DOCUMENTATION_COMMENTS = YES;
				CLANG_WARN_EMPTY_BODY = YES;
				CLANG_WARN_ENUM_CONVERSION = YES;
				CLANG_WARN_INFINITE_RECURSION = YES;
				CLANG_WARN_INT_CONVERSION = YES;
				CLANG_WARN_NON_LITERAL_NULL_CONVERSION = YES;
				CLANG_WARN_OBJC_IMPLICIT_RETAIN_SELF = YES;
				CLANG_WARN_OBJC_LITERAL_CONVERSION = YES;
				CLANG_WARN_OBJC_ROOT_CLASS = YES_ERROR;
				CLANG_WARN_RANGE_LOOP_ANALYSIS = YES;
				CLANG_WARN_STRICT_PROTOTYPES = YES;
				CLANG_WARN_SUSPICIOUS_MOVE = YES;
				CLANG_WARN_UNGUARDED_AVAILABILITY = YES_AGGRESSIVE;
				CLANG_WARN_UNREACHABLE_CODE = YES;
				CLANG_WARN__DUPLICATE_METHOD_MATCH = YES;
				COPY_PHASE_STRIP = NO;
				DEBUG_INFORMATION_FORMAT = "dwarf-with-dsym";
				ENABLE_NS_ASSERTIONS = NO;
				ENABLE_STRICT_OBJC_MSGSEND = YES;
				GCC_C_LANGUAGE_STANDARD = gnu11;
				GCC_NO_COMMON_BLOCKS = YES;
				GCC_WARN_64_TO_32_BIT_CONVERSION = YES;
				GCC_WARN_ABOUT_RETURN_TYPE = YES_ERROR;
				GCC_WARN_UNDECLARED_SELECTOR = YES;
				GCC_WARN_UNINITIALIZED_AUTOS = YES_AGGRESSIVE;
				GCC_WARN_UNUSED_FUNCTION = YES;
				GCC_WARN_UNUSED_VARIABLE = YES;
				IPHONEOS_DEPLOYMENT_TARGET = 13.2;
				MTL_ENABLE_DEBUG_INFO = NO;
				MTL_FAST_MATH = YES;
				SDKROOT = iphoneos;
				SWIFT_COMPILATION_MODE = wholemodule;
				SWIFT_OPTIMIZATION_LEVEL = "-O";
				VALIDATE_PRODUCT = YES;
			};
			name = Release;
		};
		3460D05023E04DF100BFF923 /* Debug */ = {
			isa = XCBuildConfiguration;
			baseConfigurationReference = AE1EEB6CC44E54A06AAFB6B4 /* Pods-courseWork.debug.xcconfig */;
			buildSettings = {
				ASSETCATALOG_COMPILER_APPICON_NAME = AppIcon;
				CODE_SIGN_STYLE = Automatic;
				DEVELOPMENT_ASSET_PATHS = "\"courseWork/Preview Content\"";
				DEVELOPMENT_TEAM = WA644ASKDM;
				ENABLE_PREVIEWS = YES;
				INFOPLIST_FILE = courseWork/Info.plist;
				LD_RUNPATH_SEARCH_PATHS = (
					"$(inherited)",
					"@executable_path/Frameworks",
				);
				PRODUCT_BUNDLE_IDENTIFIER = org.test.courseWork;
				PRODUCT_NAME = "$(TARGET_NAME)";
				SWIFT_VERSION = 5.0;
				TARGETED_DEVICE_FAMILY = "1,2";
			};
			name = Debug;
		};
		3460D05123E04DF100BFF923 /* Release */ = {
			isa = XCBuildConfiguration;
			baseConfigurationReference = 6A5C65CEFA789CBE655F24A1 /* Pods-courseWork.release.xcconfig */;
			buildSettings = {
				ASSETCATALOG_COMPILER_APPICON_NAME = AppIcon;
				CODE_SIGN_STYLE = Automatic;
				DEVELOPMENT_ASSET_PATHS = "\"courseWork/Preview Content\"";
				DEVELOPMENT_TEAM = WA644ASKDM;
				ENABLE_PREVIEWS = YES;
				INFOPLIST_FILE = courseWork/Info.plist;
				LD_RUNPATH_SEARCH_PATHS = (
					"$(inherited)",
					"@executable_path/Frameworks",
				);
				PRODUCT_BUNDLE_IDENTIFIER = org.test.courseWork;
				PRODUCT_NAME = "$(TARGET_NAME)";
				SWIFT_VERSION = 5.0;
				TARGETED_DEVICE_FAMILY = "1,2";
			};
			name = Release;
		};
/* End XCBuildConfiguration section */

/* Begin XCConfigurationList section */
		3460D03623E04DEB00BFF923 /* Build configuration list for PBXProject "courseWork" */ = {
			isa = XCConfigurationList;
			buildConfigurations = (
				3460D04D23E04DF100BFF923 /* Debug */,
				3460D04E23E04DF100BFF923 /* Release */,
			);
			defaultConfigurationIsVisible = 0;
			defaultConfigurationName = Release;
		};
		3460D04F23E04DF100BFF923 /* Build configuration list for PBXNativeTarget "courseWork" */ = {
			isa = XCConfigurationList;
			buildConfigurations = (
				3460D05023E04DF100BFF923 /* Debug */,
				3460D05123E04DF100BFF923 /* Release */,
			);
			defaultConfigurationIsVisible = 0;
			defaultConfigurationName = Release;
		};
/* End XCConfigurationList section */
	};
	rootObject = 3460D03323E04DEB00BFF923 /* Project object */;
}
